
Microsoft Visual Studio Solution File, Format Version 12.00
# Visual Studio Version 16
VisualStudioVersion = 16.0.31727.386
MinimumVisualStudioVersion = 10.0.40219.1
Project("{2150E333-8FDC-42A3-9474-1A3956D46DE8}") = "1.Application", "1.Application", "{2BBB923D-B47B-48A6-952B-AF0AC18B886C}"
EndProject
Project("{2150E333-8FDC-42A3-9474-1A3956D46DE8}") = "Shared", "Shared", "{8B2316AA-7B81-446E-AF73-62F8DEB4948B}"
EndProject
Project("{9A19103F-16F7-4668-BE54-9A1E7A4F7556}") = "AkliaJob.Shared", "src\AkliaJob.Shared\AkliaJob.Shared.csproj", "{E09D8E91-E1C2-45C3-97E2-C195E1131D07}"
EndProject
Project("{9A19103F-16F7-4668-BE54-9A1E7A4F7556}") = "AkliaJob.Center.Web", "src\AkliaJob.Center.Web\AkliaJob.Center.Web.csproj", "{E72B3E30-741D-46FC-8A6C-283BF4F8EC34}"
EndProject
Project("{2150E333-8FDC-42A3-9474-1A3956D46DE8}") = "Module", "Module", "{AA3A8082-A4E7-4AE7-A551-2C1C51A634DD}"
EndProject
Project("{9A19103F-16F7-4668-BE54-9A1E7A4F7556}") = "AkliaJob.Swagger", "src\AkliaJob.Swagger\AkliaJob.Swagger.csproj", "{ED46CD87-122F-4875-99FB-0CA41A9AFD46}"
EndProject
Project("{9A19103F-16F7-4668-BE54-9A1E7A4F7556}") = "AkliaJob.SqlSugar", "src\AkliaJob.SqlSugar\AkliaJob.SqlSugar.csproj", "{3A91EE87-E0E4-4319-BEFC-809792ED72FC}"
EndProject
Project("{2150E333-8FDC-42A3-9474-1A3956D46DE8}") = "2.Business", "2.Business", "{311A6FC6-3B27-4D55-9456-949B6A88FE86}"
EndProject
Project("{9A19103F-16F7-4668-BE54-9A1E7A4F7556}") = "AkliaJob.Services", "src\AkliaJob.Services\AkliaJob.Services.csproj", "{B54BA302-2D9D-4F6B-B23F-0C06DD40AC3B}"
EndProject
Project("{9A19103F-16F7-4668-BE54-9A1E7A4F7556}") = "AkliaJob.Models", "src\AkliaJob.Models\AkliaJob.Models.csproj", "{2E04D248-3D88-4030-8FB0-6FA3AB9819CB}"
EndProject
Project("{2150E333-8FDC-42A3-9474-1A3956D46DE8}") = "Domain", "Domain", "{A59AC1E8-A0EC-4567-8FA8-F93FF0EA5F3A}"
EndProject
Project("{9A19103F-16F7-4668-BE54-9A1E7A4F7556}") = "AkliaJob.Serilog", "src\AkliaJob.Serilog\AkliaJob.Serilog.csproj", "{6DA5C89D-6565-4F5C-94A2-DAF339EFD4EC}"
EndProject
Project("{9A19103F-16F7-4668-BE54-9A1E7A4F7556}") = "AkliaJob.Dto", "src\AkliaJob.Dto\AkliaJob.Dto.csproj", "{8695F1CE-D56D-4804-9806-ECECEB0F17F5}"
EndProject
Project("{9A19103F-16F7-4668-BE54-9A1E7A4F7556}") = "AkliaJob.AutoMapper", "src\AkliaJob.AutoMapper\AkliaJob.AutoMapper.csproj", "{101A324E-2229-41C5-95F6-433EFBB2CDF6}"
EndProject
Project("{9A19103F-16F7-4668-BE54-9A1E7A4F7556}") = "AkliaJob.Consul", "src\AkliaJob.Consul\AkliaJob.Consul.csproj", "{D7D39866-55D2-420B-87CC-1D18F93EA61D}"
EndProject
Project("{2150E333-8FDC-42A3-9474-1A3956D46DE8}") = "Test", "Test", "{CB7686D5-FE6E-49AB-A4D3-E604C23F3839}"
EndProject
Project("{9A19103F-16F7-4668-BE54-9A1E7A4F7556}") = "AkliaJob.Test", "src\AkliaJob.Test\AkliaJob.Test.csproj", "{167B8570-5FEF-49DA-BBA6-CFA09DA5A0C0}"
EndProject
Global
	GlobalSection(SolutionConfigurationPlatforms) = preSolution
		Debug|Any CPU = Debug|Any CPU
		Release|Any CPU = Release|Any CPU
	EndGlobalSection
	GlobalSection(ProjectConfigurationPlatforms) = postSolution
		{E09D8E91-E1C2-45C3-97E2-C195E1131D07}.Debug|Any CPU.ActiveCfg = Debug|Any CPU
		{E09D8E91-E1C2-45C3-97E2-C195E1131D07}.Debug|Any CPU.Build.0 = Debug|Any CPU
		{E09D8E91-E1C2-45C3-97E2-C195E1131D07}.Release|Any CPU.ActiveCfg = Release|Any CPU
		{E09D8E91-E1C2-45C3-97E2-C195E1131D07}.Release|Any CPU.Build.0 = Release|Any CPU
		{E72B3E30-741D-46FC-8A6C-283BF4F8EC34}.Debug|Any CPU.ActiveCfg = Debug|Any CPU
		{E72B3E30-741D-46FC-8A6C-283BF4F8EC34}.Debug|Any CPU.Build.0 = Debug|Any CPU
		{E72B3E30-741D-46FC-8A6C-283BF4F8EC34}.Release|Any CPU.ActiveCfg = Release|Any CPU
		{E72B3E30-741D-46FC-8A6C-283BF4F8EC34}.Release|Any CPU.Build.0 = Release|Any CPU
		{ED46CD87-122F-4875-99FB-0CA41A9AFD46}.Debug|Any CPU.ActiveCfg = Debug|Any CPU
		{ED46CD87-122F-4875-99FB-0CA41A9AFD46}.Debug|Any CPU.Build.0 = Debug|Any CPU
		{ED46CD87-122F-4875-99FB-0CA41A9AFD46}.Release|Any CPU.ActiveCfg = Release|Any CPU
		{ED46CD87-122F-4875-99FB-0CA41A9AFD46}.Release|Any CPU.Build.0 = Release|Any CPU
		{3A91EE87-E0E4-4319-BEFC-809792ED72FC}.Debug|Any CPU.ActiveCfg = Debug|Any CPU
		{3A91EE87-E0E4-4319-BEFC-809792ED72FC}.Debug|Any CPU.Build.0 = Debug|Any CPU
		{3A91EE87-E0E4-4319-BEFC-809792ED72FC}.Release|Any CPU.ActiveCfg = Release|Any CPU
		{3A91EE87-E0E4-4319-BEFC-809792ED72FC}.Release|Any CPU.Build.0 = Release|Any CPU
		{B54BA302-2D9D-4F6B-B23F-0C06DD40AC3B}.Debug|Any CPU.ActiveCfg = Debug|Any CPU
		{B54BA302-2D9D-4F6B-B23F-0C06DD40AC3B}.Debug|Any CPU.Build.0 = Debug|Any CPU
		{B54BA302-2D9D-4F6B-B23F-0C06DD40AC3B}.Release|Any CPU.ActiveCfg = Release|Any CPU
		{B54BA302-2D9D-4F6B-B23F-0C06DD40AC3B}.Release|Any CPU.Build.0 = Release|Any CPU
		{2E04D248-3D88-4030-8FB0-6FA3AB9819CB}.Debug|Any CPU.ActiveCfg = Debug|Any CPU
		{2E04D248-3D88-4030-8FB0-6FA3AB9819CB}.Debug|Any CPU.Build.0 = Debug|Any CPU
		{2E04D248-3D88-4030-8FB0-6FA3AB9819CB}.Release|Any CPU.ActiveCfg = Release|Any CPU
		{2E04D248-3D88-4030-8FB0-6FA3AB9819CB}.Release|Any CPU.Build.0 = Release|Any CPU
		{6DA5C89D-6565-4F5C-94A2-DAF339EFD4EC}.Debug|Any CPU.ActiveCfg = Debug|Any CPU
		{6DA5C89D-6565-4F5C-94A2-DAF339EFD4EC}.Debug|Any CPU.Build.0 = Debug|Any CPU
		{6DA5C89D-6565-4F5C-94A2-DAF339EFD4EC}.Release|Any CPU.ActiveCfg = Release|Any CPU
		{6DA5C89D-6565-4F5C-94A2-DAF339EFD4EC}.Release|Any CPU.Build.0 = Release|Any CPU
		{8695F1CE-D56D-4804-9806-ECECEB0F17F5}.Debug|Any CPU.ActiveCfg = Debug|Any CPU
		{8695F1CE-D56D-4804-9806-ECECEB0F17F5}.Debug|Any CPU.Build.0 = Debug|Any CPU
		{8695F1CE-D56D-4804-9806-ECECEB0F17F5}.Release|Any CPU.ActiveCfg = Release|Any CPU
		{8695F1CE-D56D-4804-9806-ECECEB0F17F5}.Release|Any CPU.Build.0 = Release|Any CPU
		{101A324E-2229-41C5-95F6-433EFBB2CDF6}.Debug|Any CPU.ActiveCfg = Debug|Any CPU
		{101A324E-2229-41C5-95F6-433EFBB2CDF6}.Debug|Any CPU.Build.0 = Debug|Any CPU
		{101A324E-2229-41C5-95F6-433EFBB2CDF6}.Release|Any CPU.ActiveCfg = Release|Any CPU
		{101A324E-2229-41C5-95F6-433EFBB2CDF6}.Release|Any CPU.Build.0 = Release|Any CPU
		{D7D39866-55D2-420B-87CC-1D18F93EA61D}.Debug|Any CPU.ActiveCfg = Debug|Any CPU
		{D7D39866-55D2-420B-87CC-1D18F93EA61D}.Debug|Any CPU.Build.0 = Debug|Any CPU
		{D7D39866-55D2-420B-87CC-1D18F93EA61D}.Release|Any CPU.ActiveCfg = Release|Any CPU
		{D7D39866-55D2-420B-87CC-1D18F93EA61D}.Release|Any CPU.Build.0 = Release|Any CPU
		{167B8570-5FEF-49DA-BBA6-CFA09DA5A0C0}.Debug|Any CPU.ActiveCfg = Debug|Any CPU
		{167B8570-5FEF-49DA-BBA6-CFA09DA5A0C0}.Debug|Any CPU.Build.0 = Debug|Any CPU
		{167B8570-5FEF-49DA-BBA6-CFA09DA5A0C0}.Release|Any CPU.ActiveCfg = Release|Any CPU
		{167B8570-5FEF-49DA-BBA6-CFA09DA5A0C0}.Release|Any CPU.Build.0 = Release|Any CPU
	EndGlobalSection
	GlobalSection(SolutionProperties) = preSolution
		HideSolutionNode = FALSE
	EndGlobalSection
	GlobalSection(NestedProjects) = preSolution
		{E09D8E91-E1C2-45C3-97E2-C195E1131D07} = {8B2316AA-7B81-446E-AF73-62F8DEB4948B}
		{E72B3E30-741D-46FC-8A6C-283BF4F8EC34} = {2BBB923D-B47B-48A6-952B-AF0AC18B886C}
		{ED46CD87-122F-4875-99FB-0CA41A9AFD46} = {AA3A8082-A4E7-4AE7-A551-2C1C51A634DD}
		{3A91EE87-E0E4-4319-BEFC-809792ED72FC} = {AA3A8082-A4E7-4AE7-A551-2C1C51A634DD}
		{B54BA302-2D9D-4F6B-B23F-0C06DD40AC3B} = {311A6FC6-3B27-4D55-9456-949B6A88FE86}
		{2E04D248-3D88-4030-8FB0-6FA3AB9819CB} = {A59AC1E8-A0EC-4567-8FA8-F93FF0EA5F3A}
		{6DA5C89D-6565-4F5C-94A2-DAF339EFD4EC} = {AA3A8082-A4E7-4AE7-A551-2C1C51A634DD}
		{8695F1CE-D56D-4804-9806-ECECEB0F17F5} = {311A6FC6-3B27-4D55-9456-949B6A88FE86}
		{101A324E-2229-41C5-95F6-433EFBB2CDF6} = {AA3A8082-A4E7-4AE7-A551-2C1C51A634DD}
		{D7D39866-55D2-420B-87CC-1D18F93EA61D} = {AA3A8082-A4E7-4AE7-A551-2C1C51A634DD}
		{167B8570-5FEF-49DA-BBA6-CFA09DA5A0C0} = {CB7686D5-FE6E-49AB-A4D3-E604C23F3839}
	EndGlobalSection
	GlobalSection(ExtensibilityGlobals) = postSolution
		SolutionGuid = {F28A3CD1-2D22-403B-93BD-B0A8B65E75E2}
	EndGlobalSection
EndGlobal
