
Microsoft Visual Studio Solution File, Format Version 12.00
# Visual Studio Version 16
VisualStudioVersion = 16.0.31727.386
MinimumVisualStudioVersion = 10.0.40219.1
Project("{2150E333-8FDC-42A3-9474-1A3956D46DE8}") = "1.Application", "1.Application", "{2BBB923D-B47B-48A6-952B-AF0AC18B886C}"
EndProject
Project("{2150E333-8FDC-42A3-9474-1A3956D46DE8}") = "Shared", "Shared", "{8B2316AA-7B81-446E-AF73-62F8DEB4948B}"
EndProject
Project("{9A19103F-16F7-4668-BE54-9A1E7A4F7556}") = "Liliya.Shared", "src\Liliya.Shared\Liliya.Shared.csproj", "{E09D8E91-E1C2-45C3-97E2-C195E1131D07}"
EndProject
Project("{2150E333-8FDC-42A3-9474-1A3956D46DE8}") = "Module", "Module", "{AA3A8082-A4E7-4AE7-A551-2C1C51A634DD}"
EndProject
Project("{9A19103F-16F7-4668-BE54-9A1E7A4F7556}") = "Liliya.Swagger", "src\Liliya.Swagger\Liliya.Swagger.csproj", "{ED46CD87-122F-4875-99FB-0CA41A9AFD46}"
EndProject
Project("{9A19103F-16F7-4668-BE54-9A1E7A4F7556}") = "Liliya.SqlSugar", "src\Liliya.SqlSugar\Liliya.SqlSugar.csproj", "{3A91EE87-E0E4-4319-BEFC-809792ED72FC}"
EndProject
Project("{2150E333-8FDC-42A3-9474-1A3956D46DE8}") = "2.Business", "2.Business", "{311A6FC6-3B27-4D55-9456-949B6A88FE86}"
EndProject
Project("{9A19103F-16F7-4668-BE54-9A1E7A4F7556}") = "Liliya.Services", "src\Liliya.Services\Liliya.Services.csproj", "{B54BA302-2D9D-4F6B-B23F-0C06DD40AC3B}"
EndProject
Project("{9A19103F-16F7-4668-BE54-9A1E7A4F7556}") = "Liliya.Models", "src\Liliya.Models\Liliya.Models.csproj", "{2E04D248-3D88-4030-8FB0-6FA3AB9819CB}"
EndProject
Project("{2150E333-8FDC-42A3-9474-1A3956D46DE8}") = "Domain", "Domain", "{A59AC1E8-A0EC-4567-8FA8-F93FF0EA5F3A}"
EndProject
Project("{9A19103F-16F7-4668-BE54-9A1E7A4F7556}") = "Liliya.Serilog", "src\Liliya.Serilog\Liliya.Serilog.csproj", "{6DA5C89D-6565-4F5C-94A2-DAF339EFD4EC}"
EndProject
Project("{9A19103F-16F7-4668-BE54-9A1E7A4F7556}") = "Liliya.Dto", "src\Liliya.Dto\Liliya.Dto.csproj", "{8695F1CE-D56D-4804-9806-ECECEB0F17F5}"
EndProject
Project("{9A19103F-16F7-4668-BE54-9A1E7A4F7556}") = "Liliya.AutoMapper", "src\Liliya.AutoMapper\Liliya.AutoMapper.csproj", "{101A324E-2229-41C5-95F6-433EFBB2CDF6}"
EndProject
Project("{9A19103F-16F7-4668-BE54-9A1E7A4F7556}") = "Liliya.Consul", "src\Liliya.Consul\Liliya.Consul.csproj", "{D7D39866-55D2-420B-87CC-1D18F93EA61D}"
EndProject
Project("{2150E333-8FDC-42A3-9474-1A3956D46DE8}") = "Test", "Test", "{CB7686D5-FE6E-49AB-A4D3-E604C23F3839}"
EndProject
Project("{9A19103F-16F7-4668-BE54-9A1E7A4F7556}") = "Liliya.Test", "src\Liliya.Test\Liliya.Test.csproj", "{167B8570-5FEF-49DA-BBA6-CFA09DA5A0C0}"
EndProject
Project("{9A19103F-16F7-4668-BE54-9A1E7A4F7556}") = "Liliya.Core.API", "src\Liliya.Core.API\Liliya.Core.API.csproj", "{C4027A5B-B856-4255-BA97-0466F4C01CF6}"
EndProject
Project("{FAE04EC0-301F-11D3-BF4B-00C04F79EFBC}") = "Liliya.Common", "src\Liliya.Common\Liliya.Common.csproj", "{B3270DB1-7FBF-4152-82B8-D60DAAFF15F5}"
EndProject
Project("{FAE04EC0-301F-11D3-BF4B-00C04F79EFBC}") = "Liliya.WebSockets", "src\Liliya.WebSockets\Liliya.WebSockets.csproj", "{2DEA9A88-4B96-4797-84D8-3823A27CD52D}"
EndProject
Project("{FAE04EC0-301F-11D3-BF4B-00C04F79EFBC}") = "Liliya.Redis", "src\Liliya.Redis\Liliya.Redis.csproj", "{FD609F07-7611-4B13-A22C-C565E008775C}"
EndProject
Global
	GlobalSection(SolutionConfigurationPlatforms) = preSolution
		Debug|Any CPU = Debug|Any CPU
		Release|Any CPU = Release|Any CPU
	EndGlobalSection
	GlobalSection(ProjectConfigurationPlatforms) = postSolution
		{E09D8E91-E1C2-45C3-97E2-C195E1131D07}.Debug|Any CPU.ActiveCfg = Debug|Any CPU
		{E09D8E91-E1C2-45C3-97E2-C195E1131D07}.Debug|Any CPU.Build.0 = Debug|Any CPU
		{E09D8E91-E1C2-45C3-97E2-C195E1131D07}.Release|Any CPU.ActiveCfg = Release|Any CPU
		{E09D8E91-E1C2-45C3-97E2-C195E1131D07}.Release|Any CPU.Build.0 = Release|Any CPU
		{ED46CD87-122F-4875-99FB-0CA41A9AFD46}.Debug|Any CPU.ActiveCfg = Debug|Any CPU
		{ED46CD87-122F-4875-99FB-0CA41A9AFD46}.Debug|Any CPU.Build.0 = Debug|Any CPU
		{ED46CD87-122F-4875-99FB-0CA41A9AFD46}.Release|Any CPU.ActiveCfg = Release|Any CPU
		{ED46CD87-122F-4875-99FB-0CA41A9AFD46}.Release|Any CPU.Build.0 = Release|Any CPU
		{3A91EE87-E0E4-4319-BEFC-809792ED72FC}.Debug|Any CPU.ActiveCfg = Debug|Any CPU
		{3A91EE87-E0E4-4319-BEFC-809792ED72FC}.Debug|Any CPU.Build.0 = Debug|Any CPU
		{3A91EE87-E0E4-4319-BEFC-809792ED72FC}.Release|Any CPU.ActiveCfg = Release|Any CPU
		{3A91EE87-E0E4-4319-BEFC-809792ED72FC}.Release|Any CPU.Build.0 = Release|Any CPU
		{B54BA302-2D9D-4F6B-B23F-0C06DD40AC3B}.Debug|Any CPU.ActiveCfg = Debug|Any CPU
		{B54BA302-2D9D-4F6B-B23F-0C06DD40AC3B}.Debug|Any CPU.Build.0 = Debug|Any CPU
		{B54BA302-2D9D-4F6B-B23F-0C06DD40AC3B}.Release|Any CPU.ActiveCfg = Release|Any CPU
		{B54BA302-2D9D-4F6B-B23F-0C06DD40AC3B}.Release|Any CPU.Build.0 = Release|Any CPU
		{2E04D248-3D88-4030-8FB0-6FA3AB9819CB}.Debug|Any CPU.ActiveCfg = Debug|Any CPU
		{2E04D248-3D88-4030-8FB0-6FA3AB9819CB}.Debug|Any CPU.Build.0 = Debug|Any CPU
		{2E04D248-3D88-4030-8FB0-6FA3AB9819CB}.Release|Any CPU.ActiveCfg = Release|Any CPU
		{2E04D248-3D88-4030-8FB0-6FA3AB9819CB}.Release|Any CPU.Build.0 = Release|Any CPU
		{6DA5C89D-6565-4F5C-94A2-DAF339EFD4EC}.Debug|Any CPU.ActiveCfg = Debug|Any CPU
		{6DA5C89D-6565-4F5C-94A2-DAF339EFD4EC}.Debug|Any CPU.Build.0 = Debug|Any CPU
		{6DA5C89D-6565-4F5C-94A2-DAF339EFD4EC}.Release|Any CPU.ActiveCfg = Release|Any CPU
		{6DA5C89D-6565-4F5C-94A2-DAF339EFD4EC}.Release|Any CPU.Build.0 = Release|Any CPU
		{8695F1CE-D56D-4804-9806-ECECEB0F17F5}.Debug|Any CPU.ActiveCfg = Debug|Any CPU
		{8695F1CE-D56D-4804-9806-ECECEB0F17F5}.Debug|Any CPU.Build.0 = Debug|Any CPU
		{8695F1CE-D56D-4804-9806-ECECEB0F17F5}.Release|Any CPU.ActiveCfg = Release|Any CPU
		{8695F1CE-D56D-4804-9806-ECECEB0F17F5}.Release|Any CPU.Build.0 = Release|Any CPU
		{101A324E-2229-41C5-95F6-433EFBB2CDF6}.Debug|Any CPU.ActiveCfg = Debug|Any CPU
		{101A324E-2229-41C5-95F6-433EFBB2CDF6}.Debug|Any CPU.Build.0 = Debug|Any CPU
		{101A324E-2229-41C5-95F6-433EFBB2CDF6}.Release|Any CPU.ActiveCfg = Release|Any CPU
		{101A324E-2229-41C5-95F6-433EFBB2CDF6}.Release|Any CPU.Build.0 = Release|Any CPU
		{D7D39866-55D2-420B-87CC-1D18F93EA61D}.Debug|Any CPU.ActiveCfg = Debug|Any CPU
		{D7D39866-55D2-420B-87CC-1D18F93EA61D}.Debug|Any CPU.Build.0 = Debug|Any CPU
		{D7D39866-55D2-420B-87CC-1D18F93EA61D}.Release|Any CPU.ActiveCfg = Release|Any CPU
		{D7D39866-55D2-420B-87CC-1D18F93EA61D}.Release|Any CPU.Build.0 = Release|Any CPU
		{167B8570-5FEF-49DA-BBA6-CFA09DA5A0C0}.Debug|Any CPU.ActiveCfg = Debug|Any CPU
		{167B8570-5FEF-49DA-BBA6-CFA09DA5A0C0}.Debug|Any CPU.Build.0 = Debug|Any CPU
		{167B8570-5FEF-49DA-BBA6-CFA09DA5A0C0}.Release|Any CPU.ActiveCfg = Release|Any CPU
		{167B8570-5FEF-49DA-BBA6-CFA09DA5A0C0}.Release|Any CPU.Build.0 = Release|Any CPU
		{C4027A5B-B856-4255-BA97-0466F4C01CF6}.Debug|Any CPU.ActiveCfg = Debug|Any CPU
		{C4027A5B-B856-4255-BA97-0466F4C01CF6}.Debug|Any CPU.Build.0 = Debug|Any CPU
		{C4027A5B-B856-4255-BA97-0466F4C01CF6}.Release|Any CPU.ActiveCfg = Release|Any CPU
		{C4027A5B-B856-4255-BA97-0466F4C01CF6}.Release|Any CPU.Build.0 = Release|Any CPU
		{B3270DB1-7FBF-4152-82B8-D60DAAFF15F5}.Debug|Any CPU.ActiveCfg = Debug|Any CPU
		{B3270DB1-7FBF-4152-82B8-D60DAAFF15F5}.Debug|Any CPU.Build.0 = Debug|Any CPU
		{B3270DB1-7FBF-4152-82B8-D60DAAFF15F5}.Release|Any CPU.ActiveCfg = Release|Any CPU
		{B3270DB1-7FBF-4152-82B8-D60DAAFF15F5}.Release|Any CPU.Build.0 = Release|Any CPU
		{2DEA9A88-4B96-4797-84D8-3823A27CD52D}.Debug|Any CPU.ActiveCfg = Debug|Any CPU
		{2DEA9A88-4B96-4797-84D8-3823A27CD52D}.Debug|Any CPU.Build.0 = Debug|Any CPU
		{2DEA9A88-4B96-4797-84D8-3823A27CD52D}.Release|Any CPU.ActiveCfg = Release|Any CPU
		{2DEA9A88-4B96-4797-84D8-3823A27CD52D}.Release|Any CPU.Build.0 = Release|Any CPU
		{FD609F07-7611-4B13-A22C-C565E008775C}.Debug|Any CPU.ActiveCfg = Debug|Any CPU
		{FD609F07-7611-4B13-A22C-C565E008775C}.Debug|Any CPU.Build.0 = Debug|Any CPU
		{FD609F07-7611-4B13-A22C-C565E008775C}.Release|Any CPU.ActiveCfg = Release|Any CPU
		{FD609F07-7611-4B13-A22C-C565E008775C}.Release|Any CPU.Build.0 = Release|Any CPU
	EndGlobalSection
	GlobalSection(SolutionProperties) = preSolution
		HideSolutionNode = FALSE
	EndGlobalSection
	GlobalSection(NestedProjects) = preSolution
		{E09D8E91-E1C2-45C3-97E2-C195E1131D07} = {8B2316AA-7B81-446E-AF73-62F8DEB4948B}
		{ED46CD87-122F-4875-99FB-0CA41A9AFD46} = {AA3A8082-A4E7-4AE7-A551-2C1C51A634DD}
		{3A91EE87-E0E4-4319-BEFC-809792ED72FC} = {AA3A8082-A4E7-4AE7-A551-2C1C51A634DD}
		{B54BA302-2D9D-4F6B-B23F-0C06DD40AC3B} = {311A6FC6-3B27-4D55-9456-949B6A88FE86}
		{2E04D248-3D88-4030-8FB0-6FA3AB9819CB} = {A59AC1E8-A0EC-4567-8FA8-F93FF0EA5F3A}
		{6DA5C89D-6565-4F5C-94A2-DAF339EFD4EC} = {AA3A8082-A4E7-4AE7-A551-2C1C51A634DD}
		{8695F1CE-D56D-4804-9806-ECECEB0F17F5} = {311A6FC6-3B27-4D55-9456-949B6A88FE86}
		{101A324E-2229-41C5-95F6-433EFBB2CDF6} = {AA3A8082-A4E7-4AE7-A551-2C1C51A634DD}
		{D7D39866-55D2-420B-87CC-1D18F93EA61D} = {AA3A8082-A4E7-4AE7-A551-2C1C51A634DD}
		{167B8570-5FEF-49DA-BBA6-CFA09DA5A0C0} = {CB7686D5-FE6E-49AB-A4D3-E604C23F3839}
		{C4027A5B-B856-4255-BA97-0466F4C01CF6} = {2BBB923D-B47B-48A6-952B-AF0AC18B886C}
		{B3270DB1-7FBF-4152-82B8-D60DAAFF15F5} = {8B2316AA-7B81-446E-AF73-62F8DEB4948B}
		{2DEA9A88-4B96-4797-84D8-3823A27CD52D} = {AA3A8082-A4E7-4AE7-A551-2C1C51A634DD}
		{FD609F07-7611-4B13-A22C-C565E008775C} = {AA3A8082-A4E7-4AE7-A551-2C1C51A634DD}
	EndGlobalSection
	GlobalSection(ExtensibilityGlobals) = postSolution
		SolutionGuid = {F28A3CD1-2D22-403B-93BD-B0A8B65E75E2}
	EndGlobalSection
EndGlobal
